
Microsoft Visual Studio Solution File, Format Version 12.00
# Visual Studio Version 17
VisualStudioVersion = 17.9.34714.143
MinimumVisualStudioVersion = 10.0.40219.1
Project("{FAE04EC0-301F-11D3-BF4B-00C04F79EFBC}") = "ConsoleApp2", "ConsoleApp2\ConsoleApp2.csproj", "{2F357275-F0E6-44C6-BFCF-1287285B28B9}"
EndProject
Global
	GlobalSection(SolutionConfigurationPlatforms) = preSolution
		Debug|Any CPU = Debug|Any CPU
		Release|Any CPU = Release|Any CPU
	EndGlobalSection
	GlobalSection(ProjectConfigurationPlatforms) = postSolution
		{2F357275-F0E6-44C6-BFCF-1287285B28B9}.Debug|Any CPU.ActiveCfg = Debug|Any CPU
		{2F357275-F0E6-44C6-BFCF-1287285B28B9}.Debug|Any CPU.Build.0 = Debug|Any CPU
		{2F357275-F0E6-44C6-BFCF-1287285B28B9}.Release|Any CPU.ActiveCfg = Release|Any CPU
		{2F357275-F0E6-44C6-BFCF-1287285B28B9}.Release|Any CPU.Build.0 = Release|Any CPU
	EndGlobalSection
	GlobalSection(SolutionProperties) = preSolution
		HideSolutionNode = FALSE
	EndGlobalSection
	GlobalSection(ExtensibilityGlobals) = postSolution
		SolutionGuid = {93B5AE0D-B80B-4C9F-99B7-2E15068A6C5C}
	EndGlobalSection
EndGlobal
